{
  "name": "ng-print-pdf",
  "version": "0.0.1",
  "lockfileVersion": 1,
  "requires": true,
  "dependencies": {
    "@types/pdfjs-dist": {
      "version": "2.0.0",
      "resolved": "https://registry.npmjs.org/@types/pdfjs-dist/-/pdfjs-dist-2.0.0.tgz",
      "integrity": "sha512-WVPCCHE7a51qBxSdjC3f2q3+h00awOidrsSSnCmHXERMHelO6dpj1tgFiDx2a7qUuQ105u9iKo62aucvmkZ4GA==",
      "dev": true
    }
  }
}
